PODS:
  - ObjectMapper (3.5.1)
  - PryntTrimmerView (4.0.0)
  - Realm (4.1.1):
    - Realm/Headers (= 4.1.1)
  - Realm/Headers (4.1.1)
  - RealmSwift (4.1.1):
    - Realm (= 4.1.1)
  - SteviaLayout (4.7.3)
  - SwiftyJSON (4.3.0)
  - YPImagePicker (4.2.0):
    - PryntTrimmerView (~> 4.0.0)
    - SteviaLayout (~> 4.7.3)

DEPENDENCIES:
  - ObjectMapper (~> 3.4)
  - RealmSwift
  - SwiftyJSON (~> 4.0)
  - YPImagePicker

SPEC REPOS:
  trunk:
    - ObjectMapper
    - PryntTrimmerView
    - Realm
    - RealmSwift
    - SteviaLayout
    - SwiftyJSON
    - YPImagePicker

SPEC CHECKSUMS:
  ObjectMapper: 70187b8941977c62ccfb423caf6b50be405cabf0
  PryntTrimmerView: 67e67573ffd4c073f1308effa66aefd0cfa667a0
  Realm: 25f0a8244cbb1c2271c922963ea8666fc2d8104d
  RealmSwift: 9e2657b33764f80e4a4dffd6d440e24715782052
  SteviaLayout: c2ecdcff57d44e38fd2f65e54ad52aeae28ca0c4
  SwiftyJSON: 6faa0040f8b59dead0ee07436cbf76b73c08fd08
  YPImagePicker: accf310f9526641a84372c0ecf943547d9b1e52c

PODFILE CHECKSUM: 08b2b70b8a16e5ea9e18be910fea8f1bb3d0e2e7

COCOAPODS: 1.8.4
